
Microsoft Visual Studio Solution File, Format Version 12.00
# Visual Studio Version 16
VisualStudioVersion = 16.0.31515.178
MinimumVisualStudioVersion = 10.0.40219.1
Project("{FAE04EC0-301F-11D3-BF4B-00C04F79EFBC}") = "BankSystem", "BankSystem\BankSystem.csproj", "{DA9D506C-1DD3-4E0D-80E7-E134CCCFB742}"
EndProject
Global
	GlobalSection(SolutionConfigurationPlatforms) = preSolution
		Debug|Any CPU = Debug|Any CPU
		Release|Any CPU = Release|Any CPU
	EndGlobalSection
	GlobalSection(ProjectConfigurationPlatforms) = postSolution
		{DA9D506C-1DD3-4E0D-80E7-E134CCCFB742}.Debug|Any CPU.ActiveCfg = Debug|Any CPU
		{DA9D506C-1DD3-4E0D-80E7-E134CCCFB742}.Debug|Any CPU.Build.0 = Debug|Any CPU
		{DA9D506C-1DD3-4E0D-80E7-E134CCCFB742}.Release|Any CPU.ActiveCfg = Release|Any CPU
		{DA9D506C-1DD3-4E0D-80E7-E134CCCFB742}.Release|Any CPU.Build.0 = Release|Any CPU
	EndGlobalSection
	GlobalSection(SolutionProperties) = preSolution
		HideSolutionNode = FALSE
	EndGlobalSection
	GlobalSection(ExtensibilityGlobals) = postSolution
		SolutionGuid = {02FE82A5-482B-4E5B-B186-244F334BD30F}
	EndGlobalSection
EndGlobal
